
Microsoft Visual Studio Solution File, Format Version 12.00
# Visual Studio Version 17
VisualStudioVersion = 17.14.36915.13 d17.14
MinimumVisualStudioVersion = 10.0.40219.1
Project("{FAE04EC0-301F-11D3-BF4B-00C04F79EFBC}") = "ProyectoFitZonePro", "ProyectoFitZonePro\ProyectoFitZonePro.csproj", "{B11EF00F-4918-4D79-B152-4729FC7D1D39}"
EndProject
Global
	GlobalSection(SolutionConfigurationPlatforms) = preSolution
		Debug|Any CPU = Debug|Any CPU
		Release|Any CPU = Release|Any CPU
	EndGlobalSection
	GlobalSection(ProjectConfigurationPlatforms) = postSolution
		{B11EF00F-4918-4D79-B152-4729FC7D1D39}.Debug|Any CPU.ActiveCfg = Debug|Any CPU
		{B11EF00F-4918-4D79-B152-4729FC7D1D39}.Debug|Any CPU.Build.0 = Debug|Any CPU
		{B11EF00F-4918-4D79-B152-4729FC7D1D39}.Release|Any CPU.ActiveCfg = Release|Any CPU
		{B11EF00F-4918-4D79-B152-4729FC7D1D39}.Release|Any CPU.Build.0 = Release|Any CPU
	EndGlobalSection
	GlobalSection(SolutionProperties) = preSolution
		HideSolutionNode = FALSE
	EndGlobalSection
	GlobalSection(ExtensibilityGlobals) = postSolution
		SolutionGuid = {8298A47A-26F9-4168-A871-D58DDC400CF0}
	EndGlobalSection
EndGlobal
