
Microsoft Visual Studio Solution File, Format Version 12.00
# Visual Studio Version 17
VisualStudioVersion = 17.14.36915.13
MinimumVisualStudioVersion = 10.0.40219.1
Project("{FAE04EC0-301F-11D3-BF4B-00C04F79EFBC}") = "ProyectoFitZonePro", "ProyectoFitZonePro\ProyectoFitZonePro.csproj", "{B11EF00F-4918-4D79-B152-4729FC7D1D39}"
EndProject
Project("{FAE04EC0-301F-11D3-BF4B-00C04F79EFBC}") = "Manejadores", "Manejadores\Manejadores.csproj", "{9D8FD499-E135-40C8-9D40-55E416C55AA6}"
EndProject
Project("{FAE04EC0-301F-11D3-BF4B-00C04F79EFBC}") = "Entidades", "Entidades\Entidades.csproj", "{F2731720-6E37-4665-A13C-2E119AC60163}"
EndProject
Project("{FAE04EC0-301F-11D3-BF4B-00C04F79EFBC}") = "AccesoDatos", "AccesoDatos\AccesoDatos.csproj", "{A0D589DF-133B-4E83-874A-B26D9078A8B5}"
EndProject
Global
	GlobalSection(SolutionConfigurationPlatforms) = preSolution
		Debug|Any CPU = Debug|Any CPU
		Release|Any CPU = Release|Any CPU
	EndGlobalSection
	GlobalSection(ProjectConfigurationPlatforms) = postSolution
		{B11EF00F-4918-4D79-B152-4729FC7D1D39}.Debug|Any CPU.ActiveCfg = Debug|Any CPU
		{B11EF00F-4918-4D79-B152-4729FC7D1D39}.Debug|Any CPU.Build.0 = Debug|Any CPU
		{B11EF00F-4918-4D79-B152-4729FC7D1D39}.Release|Any CPU.ActiveCfg = Release|Any CPU
		{B11EF00F-4918-4D79-B152-4729FC7D1D39}.Release|Any CPU.Build.0 = Release|Any CPU
		{9D8FD499-E135-40C8-9D40-55E416C55AA6}.Debug|Any CPU.ActiveCfg = Debug|Any CPU
		{9D8FD499-E135-40C8-9D40-55E416C55AA6}.Debug|Any CPU.Build.0 = Debug|Any CPU
		{9D8FD499-E135-40C8-9D40-55E416C55AA6}.Release|Any CPU.ActiveCfg = Release|Any CPU
		{9D8FD499-E135-40C8-9D40-55E416C55AA6}.Release|Any CPU.Build.0 = Release|Any CPU
		{F2731720-6E37-4665-A13C-2E119AC60163}.Debug|Any CPU.ActiveCfg = Debug|Any CPU
		{F2731720-6E37-4665-A13C-2E119AC60163}.Debug|Any CPU.Build.0 = Debug|Any CPU
		{F2731720-6E37-4665-A13C-2E119AC60163}.Release|Any CPU.ActiveCfg = Release|Any CPU
		{F2731720-6E37-4665-A13C-2E119AC60163}.Release|Any CPU.Build.0 = Release|Any CPU
		{A0D589DF-133B-4E83-874A-B26D9078A8B5}.Debug|Any CPU.ActiveCfg = Debug|Any CPU
		{A0D589DF-133B-4E83-874A-B26D9078A8B5}.Debug|Any CPU.Build.0 = Debug|Any CPU
		{A0D589DF-133B-4E83-874A-B26D9078A8B5}.Release|Any CPU.ActiveCfg = Release|Any CPU
		{A0D589DF-133B-4E83-874A-B26D9078A8B5}.Release|Any CPU.Build.0 = Release|Any CPU
	EndGlobalSection
	GlobalSection(SolutionProperties) = preSolution
		HideSolutionNode = FALSE
	EndGlobalSection
	GlobalSection(ExtensibilityGlobals) = postSolution
		SolutionGuid = {8298A47A-26F9-4168-A871-D58DDC400CF0}
	EndGlobalSection
EndGlobal
